
Microsoft Visual Studio Solution File, Format Version 12.00
# Visual Studio Version 17
VisualStudioVersion = 17.7.34018.315
MinimumVisualStudioVersion = 10.0.40219.1
Project("{FAE04EC0-301F-11D3-BF4B-00C04F79EFBC}") = "myapp", "myapp\myapp.csproj", "{169BFFA0-3D95-4BD2-B326-15B5DB925893}"
EndProject
Global
	GlobalSection(SolutionConfigurationPlatforms) = preSolution
		Debug|Any CPU = Debug|Any CPU
		Release|Any CPU = Release|Any CPU
	EndGlobalSection
	GlobalSection(ProjectConfigurationPlatforms) = postSolution
		{169BFFA0-3D95-4BD2-B326-15B5DB925893}.Debug|Any CPU.ActiveCfg = Debug|Any CPU
		{169BFFA0-3D95-4BD2-B326-15B5DB925893}.Debug|Any CPU.Build.0 = Debug|Any CPU
		{169BFFA0-3D95-4BD2-B326-15B5DB925893}.Release|Any CPU.ActiveCfg = Release|Any CPU
		{169BFFA0-3D95-4BD2-B326-15B5DB925893}.Release|Any CPU.Build.0 = Release|Any CPU
	EndGlobalSection
	GlobalSection(SolutionProperties) = preSolution
		HideSolutionNode = FALSE
	EndGlobalSection
	GlobalSection(ExtensibilityGlobals) = postSolution
		SolutionGuid = {3828A8F4-707D-4EC8-9072-DB47F53E90F5}
	EndGlobalSection
EndGlobal
